
Microsoft Visual Studio Solution File, Format Version 12.00
# Visual Studio Version 17
VisualStudioVersion = 17.13.35919.96 d17.13
MinimumVisualStudioVersion = 10.0.40219.1
Project("{FAE04EC0-301F-11D3-BF4B-00C04F79EFBC}") = "cv1_cast2_testprogram", "cv1_cast2_testprogram.csproj", "{4BC6203B-D214-47A3-B568-1DAD3F034001}"
EndProject
Global
	GlobalSection(SolutionConfigurationPlatforms) = preSolution
		Debug|Any CPU = Debug|Any CPU
		Release|Any CPU = Release|Any CPU
	EndGlobalSection
	GlobalSection(ProjectConfigurationPlatforms) = postSolution
		{4BC6203B-D214-47A3-B568-1DAD3F034001}.Debug|Any CPU.ActiveCfg = Debug|Any CPU
		{4BC6203B-D214-47A3-B568-1DAD3F034001}.Debug|Any CPU.Build.0 = Debug|Any CPU
		{4BC6203B-D214-47A3-B568-1DAD3F034001}.Release|Any CPU.ActiveCfg = Release|Any CPU
		{4BC6203B-D214-47A3-B568-1DAD3F034001}.Release|Any CPU.Build.0 = Release|Any CPU
	EndGlobalSection
	GlobalSection(SolutionProperties) = preSolution
		HideSolutionNode = FALSE
	EndGlobalSection
	GlobalSection(ExtensibilityGlobals) = postSolution
		SolutionGuid = {3443665C-3182-4CA3-9E92-41C9D66E6694}
	EndGlobalSection
EndGlobal
